
Microsoft Visual Studio Solution File, Format Version 12.00
# Visual Studio Version 18
VisualStudioVersion = 18.9.12023.133
MinimumVisualStudioVersion = 10.0.40219.1
Project("{2150E333-8FDC-42A3-9474-1A3956D46DE8}") = "src", "src", "{827E0CD3-B72D-47B6-A68D-7590B98EB39B}"
EndProject
Project("{FAE04EC0-301F-11D3-BF4B-00C04F79EFBC}") = "SelfCheckoutKiosk.Domain", "src\SelfCheckoutKiosk.Domain\SelfCheckoutKiosk.Domain.csproj", "{6776F926-5C79-4A1A-BB55-8A0FF59E482E}"
EndProject
Project("{FAE04EC0-301F-11D3-BF4B-00C04F79EFBC}") = "SelfCheckoutKiosk.Core", "src\SelfCheckoutKiosk.Core\SelfCheckoutKiosk.Core.csproj", "{824646FF-75B1-48FE-9E6C-B367E1B9C507}"
EndProject
Project("{FAE04EC0-301F-11D3-BF4B-00C04F79EFBC}") = "SelfCheckoutKiosk.Infrastructure", "src\SelfCheckoutKiosk.Infrastructure\SelfCheckoutKiosk.Infrastructure.csproj", "{B20B79DE-86B2-4755-B20F-C1ABAB3EB30A}"
EndProject
Project("{FAE04EC0-301F-11D3-BF4B-00C04F79EFBC}") = "SelfCheckoutKiosk.Hal.Vendor.CashRecyclerX", "src\SelfCheckoutKiosk.Hal.Vendor.CashRecyclerX\SelfCheckoutKiosk.Hal.Vendor.CashRecyclerX.csproj", "{B45B5FD5-4616-4CAD-9737-FBF1A25F81E1}"
EndProject
Project("{FAE04EC0-301F-11D3-BF4B-00C04F79EFBC}") = "SelfCheckoutKiosk.Hal.Vendor.DatalogicScanner", "src\SelfCheckoutKiosk.Hal.Vendor.DatalogicScanner\SelfCheckoutKiosk.Hal.Vendor.DatalogicScanner.csproj", "{B81998E0-34AB-4967-9907-C270140BE8E5}"
EndProject
Project("{FAE04EC0-301F-11D3-BF4B-00C04F79EFBC}") = "SelfCheckoutKiosk.Hal.Vendor.EpsonM30", "src\SelfCheckoutKiosk.Hal.Vendor.EpsonM30\SelfCheckoutKiosk.Hal.Vendor.EpsonM30.csproj", "{4F465F0F-A4B3-4BAA-B410-606A4EE284FD}"
EndProject
Project("{2150E333-8FDC-42A3-9474-1A3956D46DE8}") = "tests", "tests", "{0AB3BF05-4346-4AA6-1389-037BE0695223}"
EndProject
Project("{FAE04EC0-301F-11D3-BF4B-00C04F79EFBC}") = "SelfCheckoutKiosk.Core.Tests", "tests\SelfCheckoutKiosk.Core.Tests\SelfCheckoutKiosk.Core.Tests.csproj", "{EA3133C7-613F-4424-92CA-3C349EF0B30C}"
EndProject
Project("{FAE04EC0-301F-11D3-BF4B-00C04F79EFBC}") = "SelfCheckoutKiosk.Infrastructure.Tests", "tests\SelfCheckoutKiosk.Infrastructure.Tests\SelfCheckoutKiosk.Infrastructure.Tests.csproj", "{EFDD1E9D-641A-40F2-B486-2A8165DA8F91}"
EndProject
Project("{FAE04EC0-301F-11D3-BF4B-00C04F79EFBC}") = "SelfCheckoutKiosk.Integration.Tests", "tests\SelfCheckoutKiosk.Integration.Tests\SelfCheckoutKiosk.Integration.Tests.csproj", "{6198E31E-6FAD-4CDD-934B-6D378C7A54FE}"
EndProject
Project("{FAE04EC0-301F-11D3-BF4B-00C04F79EFBC}") = "SelfCheckoutKiosk.Presentation", "src\SelfCheckoutKiosk.Presentation\SelfCheckoutKiosk.Presentation.csproj", "{85CD5F25-AFB9-4D35-823D-554EC83EE353}"
EndProject
Project("{FAE04EC0-301F-11D3-BF4B-00C04F79EFBC}") = "SelfCheckoutKiosk.App", "src\SelfCheckoutKiosk.App\SelfCheckoutKiosk.App.csproj", "{B8B2A476-213A-972C-8E3B-D1723CF624AF}"
EndProject
Global
	GlobalSection(SolutionConfigurationPlatforms) = preSolution
		Debug|Any CPU = Debug|Any CPU
		Debug|x64 = Debug|x64
		Debug|x86 = Debug|x86
		Release|Any CPU = Release|Any CPU
		Release|x64 = Release|x64
		Release|x86 = Release|x86
	EndGlobalSection
	GlobalSection(ProjectConfigurationPlatforms) = postSolution
		{6776F926-5C79-4A1A-BB55-8A0FF59E482E}.Debug|Any CPU.ActiveCfg = Debug|x64
		{6776F926-5C79-4A1A-BB55-8A0FF59E482E}.Debug|Any CPU.Build.0 = Debug|x64
		{6776F926-5C79-4A1A-BB55-8A0FF59E482E}.Debug|x64.ActiveCfg = Debug|x64
		{6776F926-5C79-4A1A-BB55-8A0FF59E482E}.Debug|x64.Build.0 = Debug|x64
		{6776F926-5C79-4A1A-BB55-8A0FF59E482E}.Debug|x86.ActiveCfg = Debug|Any CPU
		{6776F926-5C79-4A1A-BB55-8A0FF59E482E}.Debug|x86.Build.0 = Debug|Any CPU
		{6776F926-5C79-4A1A-BB55-8A0FF59E482E}.Release|Any CPU.ActiveCfg = Release|Any CPU
		{6776F926-5C79-4A1A-BB55-8A0FF59E482E}.Release|Any CPU.Build.0 = Release|Any CPU
		{6776F926-5C79-4A1A-BB55-8A0FF59E482E}.Release|x64.ActiveCfg = Release|Any CPU
		{6776F926-5C79-4A1A-BB55-8A0FF59E482E}.Release|x64.Build.0 = Release|Any CPU
		{6776F926-5C79-4A1A-BB55-8A0FF59E482E}.Release|x86.ActiveCfg = Release|Any CPU
		{6776F926-5C79-4A1A-BB55-8A0FF59E482E}.Release|x86.Build.0 = Release|Any CPU
		{824646FF-75B1-48FE-9E6C-B367E1B9C507}.Debug|Any CPU.ActiveCfg = Debug|x64
		{824646FF-75B1-48FE-9E6C-B367E1B9C507}.Debug|Any CPU.Build.0 = Debug|x64
		{824646FF-75B1-48FE-9E6C-B367E1B9C507}.Debug|x64.ActiveCfg = Debug|x64
		{824646FF-75B1-48FE-9E6C-B367E1B9C507}.Debug|x64.Build.0 = Debug|x64
		{824646FF-75B1-48FE-9E6C-B367E1B9C507}.Debug|x86.ActiveCfg = Debug|Any CPU
		{824646FF-75B1-48FE-9E6C-B367E1B9C507}.Debug|x86.Build.0 = Debug|Any CPU
		{824646FF-75B1-48FE-9E6C-B367E1B9C507}.Release|Any CPU.ActiveCfg = Release|Any CPU
		{824646FF-75B1-48FE-9E6C-B367E1B9C507}.Release|Any CPU.Build.0 = Release|Any CPU
		{824646FF-75B1-48FE-9E6C-B367E1B9C507}.Release|x64.ActiveCfg = Release|Any CPU
		{824646FF-75B1-48FE-9E6C-B367E1B9C507}.Release|x64.Build.0 = Release|Any CPU
		{824646FF-75B1-48FE-9E6C-B367E1B9C507}.Release|x86.ActiveCfg = Release|Any CPU
		{824646FF-75B1-48FE-9E6C-B367E1B9C507}.Release|x86.Build.0 = Release|Any CPU
		{B20B79DE-86B2-4755-B20F-C1ABAB3EB30A}.Debug|Any CPU.ActiveCfg = Debug|x64
		{B20B79DE-86B2-4755-B20F-C1ABAB3EB30A}.Debug|Any CPU.Build.0 = Debug|x64
		{B20B79DE-86B2-4755-B20F-C1ABAB3EB30A}.Debug|x64.ActiveCfg = Debug|x64
		{B20B79DE-86B2-4755-B20F-C1ABAB3EB30A}.Debug|x64.Build.0 = Debug|x64
		{B20B79DE-86B2-4755-B20F-C1ABAB3EB30A}.Debug|x86.ActiveCfg = Debug|Any CPU
		{B20B79DE-86B2-4755-B20F-C1ABAB3EB30A}.Debug|x86.Build.0 = Debug|Any CPU
		{B20B79DE-86B2-4755-B20F-C1ABAB3EB30A}.Release|Any CPU.ActiveCfg = Release|Any CPU
		{B20B79DE-86B2-4755-B20F-C1ABAB3EB30A}.Release|Any CPU.Build.0 = Release|Any CPU
		{B20B79DE-86B2-4755-B20F-C1ABAB3EB30A}.Release|x64.ActiveCfg = Release|Any CPU
		{B20B79DE-86B2-4755-B20F-C1ABAB3EB30A}.Release|x64.Build.0 = Release|Any CPU
		{B20B79DE-86B2-4755-B20F-C1ABAB3EB30A}.Release|x86.ActiveCfg = Release|Any CPU
		{B20B79DE-86B2-4755-B20F-C1ABAB3EB30A}.Release|x86.Build.0 = Release|Any CPU
		{B45B5FD5-4616-4CAD-9737-FBF1A25F81E1}.Debug|Any CPU.ActiveCfg = Debug|x64
		{B45B5FD5-4616-4CAD-9737-FBF1A25F81E1}.Debug|Any CPU.Build.0 = Debug|x64
		{B45B5FD5-4616-4CAD-9737-FBF1A25F81E1}.Debug|x64.ActiveCfg = Debug|x64
		{B45B5FD5-4616-4CAD-9737-FBF1A25F81E1}.Debug|x64.Build.0 = Debug|x64
		{B45B5FD5-4616-4CAD-9737-FBF1A25F81E1}.Debug|x86.ActiveCfg = Debug|Any CPU
		{B45B5FD5-4616-4CAD-9737-FBF1A25F81E1}.Debug|x86.Build.0 = Debug|Any CPU
		{B45B5FD5-4616-4CAD-9737-FBF1A25F81E1}.Release|Any CPU.ActiveCfg = Release|Any CPU
		{B45B5FD5-4616-4CAD-9737-FBF1A25F81E1}.Release|Any CPU.Build.0 = Release|Any CPU
		{B45B5FD5-4616-4CAD-9737-FBF1A25F81E1}.Release|x64.ActiveCfg = Release|Any CPU
		{B45B5FD5-4616-4CAD-9737-FBF1A25F81E1}.Release|x64.Build.0 = Release|Any CPU
		{B45B5FD5-4616-4CAD-9737-FBF1A25F81E1}.Release|x86.ActiveCfg = Release|Any CPU
		{B45B5FD5-4616-4CAD-9737-FBF1A25F81E1}.Release|x86.Build.0 = Release|Any CPU
		{B81998E0-34AB-4967-9907-C270140BE8E5}.Debug|Any CPU.ActiveCfg = Debug|x64
		{B81998E0-34AB-4967-9907-C270140BE8E5}.Debug|Any CPU.Build.0 = Debug|x64
		{B81998E0-34AB-4967-9907-C270140BE8E5}.Debug|x64.ActiveCfg = Debug|x64
		{B81998E0-34AB-4967-9907-C270140BE8E5}.Debug|x64.Build.0 = Debug|x64
		{B81998E0-34AB-4967-9907-C270140BE8E5}.Debug|x86.ActiveCfg = Debug|Any CPU
		{B81998E0-34AB-4967-9907-C270140BE8E5}.Debug|x86.Build.0 = Debug|Any CPU
		{B81998E0-34AB-4967-9907-C270140BE8E5}.Release|Any CPU.ActiveCfg = Release|Any CPU
		{B81998E0-34AB-4967-9907-C270140BE8E5}.Release|Any CPU.Build.0 = Release|Any CPU
		{B81998E0-34AB-4967-9907-C270140BE8E5}.Release|x64.ActiveCfg = Release|Any CPU
		{B81998E0-34AB-4967-9907-C270140BE8E5}.Release|x64.Build.0 = Release|Any CPU
		{B81998E0-34AB-4967-9907-C270140BE8E5}.Release|x86.ActiveCfg = Release|Any CPU
		{B81998E0-34AB-4967-9907-C270140BE8E5}.Release|x86.Build.0 = Release|Any CPU
		{4F465F0F-A4B3-4BAA-B410-606A4EE284FD}.Debug|Any CPU.ActiveCfg = Debug|x64
		{4F465F0F-A4B3-4BAA-B410-606A4EE284FD}.Debug|Any CPU.Build.0 = Debug|x64
		{4F465F0F-A4B3-4BAA-B410-606A4EE284FD}.Debug|x64.ActiveCfg = Debug|x64
		{4F465F0F-A4B3-4BAA-B410-606A4EE284FD}.Debug|x64.Build.0 = Debug|x64
		{4F465F0F-A4B3-4BAA-B410-606A4EE284FD}.Debug|x86.ActiveCfg = Debug|Any CPU
		{4F465F0F-A4B3-4BAA-B410-606A4EE284FD}.Debug|x86.Build.0 = Debug|Any CPU
		{4F465F0F-A4B3-4BAA-B410-606A4EE284FD}.Release|Any CPU.ActiveCfg = Release|Any CPU
		{4F465F0F-A4B3-4BAA-B410-606A4EE284FD}.Release|Any CPU.Build.0 = Release|Any CPU
		{4F465F0F-A4B3-4BAA-B410-606A4EE284FD}.Release|x64.ActiveCfg = Release|Any CPU
		{4F465F0F-A4B3-4BAA-B410-606A4EE284FD}.Release|x64.Build.0 = Release|Any CPU
		{4F465F0F-A4B3-4BAA-B410-606A4EE284FD}.Release|x86.ActiveCfg = Release|Any CPU
		{4F465F0F-A4B3-4BAA-B410-606A4EE284FD}.Release|x86.Build.0 = Release|Any CPU
		{EA3133C7-613F-4424-92CA-3C349EF0B30C}.Debug|Any CPU.ActiveCfg = Debug|x64
		{EA3133C7-613F-4424-92CA-3C349EF0B30C}.Debug|Any CPU.Build.0 = Debug|x64
		{EA3133C7-613F-4424-92CA-3C349EF0B30C}.Debug|x64.ActiveCfg = Debug|x64
		{EA3133C7-613F-4424-92CA-3C349EF0B30C}.Debug|x64.Build.0 = Debug|x64
		{EA3133C7-613F-4424-92CA-3C349EF0B30C}.Debug|x86.ActiveCfg = Debug|Any CPU
		{EA3133C7-613F-4424-92CA-3C349EF0B30C}.Debug|x86.Build.0 = Debug|Any CPU
		{EA3133C7-613F-4424-92CA-3C349EF0B30C}.Release|Any CPU.ActiveCfg = Release|Any CPU
		{EA3133C7-613F-4424-92CA-3C349EF0B30C}.Release|Any CPU.Build.0 = Release|Any CPU
		{EA3133C7-613F-4424-92CA-3C349EF0B30C}.Release|x64.ActiveCfg = Release|Any CPU
		{EA3133C7-613F-4424-92CA-3C349EF0B30C}.Release|x64.Build.0 = Release|Any CPU
		{EA3133C7-613F-4424-92CA-3C349EF0B30C}.Release|x86.ActiveCfg = Release|Any CPU
		{EA3133C7-613F-4424-92CA-3C349EF0B30C}.Release|x86.Build.0 = Release|Any CPU
		{EFDD1E9D-641A-40F2-B486-2A8165DA8F91}.Debug|Any CPU.ActiveCfg = Debug|x64
		{EFDD1E9D-641A-40F2-B486-2A8165DA8F91}.Debug|Any CPU.Build.0 = Debug|x64
		{EFDD1E9D-641A-40F2-B486-2A8165DA8F91}.Debug|x64.ActiveCfg = Debug|x64
		{EFDD1E9D-641A-40F2-B486-2A8165DA8F91}.Debug|x64.Build.0 = Debug|x64
		{EFDD1E9D-641A-40F2-B486-2A8165DA8F91}.Debug|x86.ActiveCfg = Debug|Any CPU
		{EFDD1E9D-641A-40F2-B486-2A8165DA8F91}.Debug|x86.Build.0 = Debug|Any CPU
		{EFDD1E9D-641A-40F2-B486-2A8165DA8F91}.Release|Any CPU.ActiveCfg = Release|Any CPU
		{EFDD1E9D-641A-40F2-B486-2A8165DA8F91}.Release|Any CPU.Build.0 = Release|Any CPU
		{EFDD1E9D-641A-40F2-B486-2A8165DA8F91}.Release|x64.ActiveCfg = Release|Any CPU
		{EFDD1E9D-641A-40F2-B486-2A8165DA8F91}.Release|x64.Build.0 = Release|Any CPU
		{EFDD1E9D-641A-40F2-B486-2A8165DA8F91}.Release|x86.ActiveCfg = Release|Any CPU
		{EFDD1E9D-641A-40F2-B486-2A8165DA8F91}.Release|x86.Build.0 = Release|Any CPU
		{6198E31E-6FAD-4CDD-934B-6D378C7A54FE}.Debug|Any CPU.ActiveCfg = Debug|x64
		{6198E31E-6FAD-4CDD-934B-6D378C7A54FE}.Debug|Any CPU.Build.0 = Debug|x64
		{6198E31E-6FAD-4CDD-934B-6D378C7A54FE}.Debug|x64.ActiveCfg = Debug|x64
		{6198E31E-6FAD-4CDD-934B-6D378C7A54FE}.Debug|x64.Build.0 = Debug|x64
		{6198E31E-6FAD-4CDD-934B-6D378C7A54FE}.Debug|x86.ActiveCfg = Debug|Any CPU
		{6198E31E-6FAD-4CDD-934B-6D378C7A54FE}.Debug|x86.Build.0 = Debug|Any CPU
		{6198E31E-6FAD-4CDD-934B-6D378C7A54FE}.Release|Any CPU.ActiveCfg = Release|Any CPU
		{6198E31E-6FAD-4CDD-934B-6D378C7A54FE}.Release|Any CPU.Build.0 = Release|Any CPU
		{6198E31E-6FAD-4CDD-934B-6D378C7A54FE}.Release|x64.ActiveCfg = Release|Any CPU
		{6198E31E-6FAD-4CDD-934B-6D378C7A54FE}.Release|x64.Build.0 = Release|Any CPU
		{6198E31E-6FAD-4CDD-934B-6D378C7A54FE}.Release|x86.ActiveCfg = Release|Any CPU
		{6198E31E-6FAD-4CDD-934B-6D378C7A54FE}.Release|x86.Build.0 = Release|Any CPU
		{85CD5F25-AFB9-4D35-823D-554EC83EE353}.Debug|Any CPU.ActiveCfg = Debug|x64
		{85CD5F25-AFB9-4D35-823D-554EC83EE353}.Debug|Any CPU.Build.0 = Debug|x64
		{85CD5F25-AFB9-4D35-823D-554EC83EE353}.Debug|x64.ActiveCfg = Debug|x64
		{85CD5F25-AFB9-4D35-823D-554EC83EE353}.Debug|x64.Build.0 = Debug|x64
		{85CD5F25-AFB9-4D35-823D-554EC83EE353}.Debug|x86.ActiveCfg = Debug|Any CPU
		{85CD5F25-AFB9-4D35-823D-554EC83EE353}.Debug|x86.Build.0 = Debug|Any CPU
		{85CD5F25-AFB9-4D35-823D-554EC83EE353}.Release|Any CPU.ActiveCfg = Release|Any CPU
		{85CD5F25-AFB9-4D35-823D-554EC83EE353}.Release|Any CPU.Build.0 = Release|Any CPU
		{85CD5F25-AFB9-4D35-823D-554EC83EE353}.Release|x64.ActiveCfg = Release|Any CPU
		{85CD5F25-AFB9-4D35-823D-554EC83EE353}.Release|x64.Build.0 = Release|Any CPU
		{85CD5F25-AFB9-4D35-823D-554EC83EE353}.Release|x86.ActiveCfg = Release|Any CPU
		{85CD5F25-AFB9-4D35-823D-554EC83EE353}.Release|x86.Build.0 = Release|Any CPU
		{B8B2A476-213A-972C-8E3B-D1723CF624AF}.Debug|Any CPU.ActiveCfg = Debug|x64
		{B8B2A476-213A-972C-8E3B-D1723CF624AF}.Debug|Any CPU.Build.0 = Debug|x64
		{B8B2A476-213A-972C-8E3B-D1723CF624AF}.Debug|Any CPU.Deploy.0 = Debug|x64
		{B8B2A476-213A-972C-8E3B-D1723CF624AF}.Debug|x64.ActiveCfg = Debug|x64
		{B8B2A476-213A-972C-8E3B-D1723CF624AF}.Debug|x64.Build.0 = Debug|x64
		{B8B2A476-213A-972C-8E3B-D1723CF624AF}.Debug|x64.Deploy.0 = Debug|x64
		{B8B2A476-213A-972C-8E3B-D1723CF624AF}.Debug|x86.ActiveCfg = Debug|x86
		{B8B2A476-213A-972C-8E3B-D1723CF624AF}.Debug|x86.Build.0 = Debug|x86
		{B8B2A476-213A-972C-8E3B-D1723CF624AF}.Debug|x86.Deploy.0 = Debug|x86
		{B8B2A476-213A-972C-8E3B-D1723CF624AF}.Release|Any CPU.ActiveCfg = Release|x64
		{B8B2A476-213A-972C-8E3B-D1723CF624AF}.Release|Any CPU.Build.0 = Release|x64
		{B8B2A476-213A-972C-8E3B-D1723CF624AF}.Release|Any CPU.Deploy.0 = Release|x64
		{B8B2A476-213A-972C-8E3B-D1723CF624AF}.Release|x64.ActiveCfg = Release|x64
		{B8B2A476-213A-972C-8E3B-D1723CF624AF}.Release|x64.Build.0 = Release|x64
		{B8B2A476-213A-972C-8E3B-D1723CF624AF}.Release|x64.Deploy.0 = Release|x64
		{B8B2A476-213A-972C-8E3B-D1723CF624AF}.Release|x86.ActiveCfg = Release|x86
		{B8B2A476-213A-972C-8E3B-D1723CF624AF}.Release|x86.Build.0 = Release|x86
		{B8B2A476-213A-972C-8E3B-D1723CF624AF}.Release|x86.Deploy.0 = Release|x86
	EndGlobalSection
	GlobalSection(SolutionProperties) = preSolution
		HideSolutionNode = FALSE
	EndGlobalSection
	GlobalSection(NestedProjects) = preSolution
		{6776F926-5C79-4A1A-BB55-8A0FF59E482E} = {827E0CD3-B72D-47B6-A68D-7590B98EB39B}
		{824646FF-75B1-48FE-9E6C-B367E1B9C507} = {827E0CD3-B72D-47B6-A68D-7590B98EB39B}
		{B20B79DE-86B2-4755-B20F-C1ABAB3EB30A} = {827E0CD3-B72D-47B6-A68D-7590B98EB39B}
		{B45B5FD5-4616-4CAD-9737-FBF1A25F81E1} = {827E0CD3-B72D-47B6-A68D-7590B98EB39B}
		{B81998E0-34AB-4967-9907-C270140BE8E5} = {827E0CD3-B72D-47B6-A68D-7590B98EB39B}
		{4F465F0F-A4B3-4BAA-B410-606A4EE284FD} = {827E0CD3-B72D-47B6-A68D-7590B98EB39B}
		{EA3133C7-613F-4424-92CA-3C349EF0B30C} = {0AB3BF05-4346-4AA6-1389-037BE0695223}
		{EFDD1E9D-641A-40F2-B486-2A8165DA8F91} = {0AB3BF05-4346-4AA6-1389-037BE0695223}
		{6198E31E-6FAD-4CDD-934B-6D378C7A54FE} = {0AB3BF05-4346-4AA6-1389-037BE0695223}
		{85CD5F25-AFB9-4D35-823D-554EC83EE353} = {827E0CD3-B72D-47B6-A68D-7590B98EB39B}
		{B8B2A476-213A-972C-8E3B-D1723CF624AF} = {827E0CD3-B72D-47B6-A68D-7590B98EB39B}
	EndGlobalSection
	GlobalSection(ExtensibilityGlobals) = postSolution
		SolutionGuid = {4BC4B4BA-772D-4D56-B3B3-05E61613D8C0}
	EndGlobalSection
	GlobalSection(ExtensibilityGlobals) = postSolution
		SolutionGuid = {D543F60C-90B2-4820-A140-F9DD55DCA614}
	EndGlobalSection
EndGlobal
